
Microsoft Visual Studio Solution File, Format Version 11.00
# Visual Studio 2010
Project("{8BC9CEB8-8B4A-11D0-8D11-00A0C91BC942}") = "API-Paint", "API-Paint\API-Paint.vcxproj", "{DE0E874F-7D97-4D76-ADF2-2DC1A3274911}"
EndProject
Global
	GlobalSection(SolutionConfigurationPlatforms) = preSolution
		Debug|Win32 = Debug|Win32
		Release|Win32 = Release|Win32
	EndGlobalSection
	GlobalSection(ProjectConfigurationPlatforms) = postSolution
		{DE0E874F-7D97-4D76-ADF2-2DC1A3274911}.Debug|Win32.ActiveCfg = Debug|Win32
		{DE0E874F-7D97-4D76-ADF2-2DC1A3274911}.Debug|Win32.Build.0 = Debug|Win32
		{DE0E874F-7D97-4D76-ADF2-2DC1A3274911}.Release|Win32.ActiveCfg = Release|Win32
		{DE0E874F-7D97-4D76-ADF2-2DC1A3274911}.Release|Win32.Build.0 = Release|Win32
	EndGlobalSection
	GlobalSection(SolutionProperties) = preSolution
		HideSolutionNode = FALSE
	EndGlobalSection
EndGlobal
